<?xml version="1.0" encoding="utf-8"?>
<Project ToolsVersion="4.0" xmlns="http://schemas.microsoft.com/developer/msbuild/2003">
  <ItemGroup>
    <Filter Include="Source Files">
      <UniqueIdentifier>{a9f3f87b-4ff0-444f-97cb-15d5140fbdae}</UniqueIdentifier>
      <Extensions>cpp;c;cxx;rc;def;r;odl;idl;hpj;bat</Extensions>
    </Filter>
    <Filter Include="Header Files">
      <UniqueIdentifier>{dbaf633c-4a04-4b61-b15b-9ffc60590deb}</UniqueIdentifier>
      <Extensions>h;hpp;hxx;hm;inl</Extensions>
    </Filter>
    <Filter Include="Resource Files">
      <UniqueIdentifier>{0426cf82-2b3c-459f-9f78-9c0135d4a309}</UniqueIdentifier>
      <Extensions>ico;cur;bmp;dlg;rc2;rct;bin;rgs;gif;jpg;jpeg;jpe</Extensions>
    </Filter>
  </ItemGroup>
  <ItemGroup>
    <ClCompile Include="MainFrm.cpp">
      <Filter>Source Files</Filter>
    </ClCompile>
    <ClCompile Include="MySpy.cpp">
      <Filter>Source Files</Filter>
    </ClCompile>
    <ClCompile Include="MySpyDoc.cpp">
      <Filter>Source Files</Filter>
    </ClCompile>
    <ClCompile Include="MySpyView.cpp">
      <Filter>Source Files</Filter>
    </ClCompile>
    <ClCompile Include="StdAfx.cpp">
      <Filter>Source Files</Filter>
    </ClCompile>
    <ClCompile Include="WndTreeView.cpp">
      <Filter>Source Files</Filter>
    </ClCompile>
    <ClCompile Include="ClassDialog.cpp">
      <Filter>Source Files</Filter>
    </ClCompile>
    <ClCompile Include="GeneralDialog.cpp">
      <Filter>Source Files</Filter>
    </ClCompile>
    <ClCompile Include="ProcessDialog.cpp">
      <Filter>Source Files</Filter>
    </ClCompile>
    <ClCompile Include="StyleDialog.cpp">
      <Filter>Source Files</Filter>
    </ClCompile>
    <ClCompile Include="WindowsDialog.cpp">
      <Filter>Source Files</Filter>
    </ClCompile>
    <ClCompile Include="WndProperties.cpp">
      <Filter>Source Files</Filter>
    </ClCompile>
    <ClCompile Include="SearchDialog.cpp">
      <Filter>Source Files</Filter>
    </ClCompile>
    <ClCompile Include="SpyButton.cpp">
      <Filter>Source Files</Filter>
    </ClCompile>
    <ClCompile Include="SelStatic.cpp">
      <Filter>Source Files</Filter>
    </ClCompile>
    <ClCompile Include="CmdEditView.cpp">
      <Filter>Source Files</Filter>
    </ClCompile>
    <ClCompile Include="FileResMannager.cpp">
      <Filter>Source Files</Filter>
    </ClCompile>
    <ClCompile Include="ProcessView.cpp">
      <Filter>Source Files</Filter>
    </ClCompile>
    <ClCompile Include="ProcessMoudleDlg.cpp">
      <Filter>Source Files</Filter>
    </ClCompile>
    <ClCompile Include="ThreadDialog.cpp">
      <Filter>Source Files</Filter>
    </ClCompile>
  </ItemGroup>
  <ItemGroup>
    <ResourceCompile Include="MySpy.rc">
      <Filter>Source Files</Filter>
    </ResourceCompile>
  </ItemGroup>
  <ItemGroup>
    <ClInclude Include="MainFrm.h">
      <Filter>Header Files</Filter>
    </ClInclude>
    <ClInclude Include="MySpy.h">
      <Filter>Header Files</Filter>
    </ClInclude>
    <ClInclude Include="MySpyDoc.h">
      <Filter>Header Files</Filter>
    </ClInclude>
    <ClInclude Include="MySpyView.h">
      <Filter>Header Files</Filter>
    </ClInclude>
    <ClInclude Include="Resource.h">
      <Filter>Header Files</Filter>
    </ClInclude>
    <ClInclude Include="StdAfx.h">
      <Filter>Header Files</Filter>
    </ClInclude>
    <ClInclude Include="WndTreeView.h">
      <Filter>Header Files</Filter>
    </ClInclude>
    <ClInclude Include="ClassDialog.h">
      <Filter>Header Files</Filter>
    </ClInclude>
    <ClInclude Include="GeneralDialog.h">
      <Filter>Header Files</Filter>
    </ClInclude>
    <ClInclude Include="ProcessDialog.h">
      <Filter>Header Files</Filter>
    </ClInclude>
    <ClInclude Include="StyleDialog.h">
      <Filter>Header Files</Filter>
    </ClInclude>
    <ClInclude Include="WindowsDialog.h">
      <Filter>Header Files</Filter>
    </ClInclude>
    <ClInclude Include="WndProperties.h">
      <Filter>Header Files</Filter>
    </ClInclude>
    <ClInclude Include="SearchDialog.h">
      <Filter>Header Files</Filter>
    </ClInclude>
    <ClInclude Include="SpyButton.h">
      <Filter>Header Files</Filter>
    </ClInclude>
    <ClInclude Include="SelStatic.h">
      <Filter>Header Files</Filter>
    </ClInclude>
    <ClInclude Include="CmdEditView.h">
      <Filter>Header Files</Filter>
    </ClInclude>
    <ClInclude Include="FileResMannager.h">
      <Filter>Header Files</Filter>
    </ClInclude>
    <ClInclude Include="ProcessView.h">
      <Filter>Header Files</Filter>
    </ClInclude>
    <ClInclude Include="ProcessMoudleDlg.h">
      <Filter>Header Files</Filter>
    </ClInclude>
    <ClInclude Include="ThreadDialog.h">
      <Filter>Header Files</Filter>
    </ClInclude>
  </ItemGroup>
  <ItemGroup>
    <Image Include="res\MySpy.ico">
      <Filter>Resource Files</Filter>
    </Image>
    <Image Include="res\MySpyDoc.ico">
      <Filter>Resource Files</Filter>
    </Image>
    <Image Include="res\Toolbar.bmp">
      <Filter>Resource Files</Filter>
    </Image>
    <Image Include="res\icon1.ico">
      <Filter>Resource Files</Filter>
    </Image>
    <Image Include="res\ico00001.ico">
      <Filter>Resource Files</Filter>
    </Image>
    <Image Include="res\ico00002.ico">
      <Filter>Resource Files</Filter>
    </Image>
    <Image Include="res\ico00003.ico">
      <Filter>Resource Files</Filter>
    </Image>
  </ItemGroup>
  <ItemGroup>
    <Text Include="ReadMe.txt" />
  </ItemGroup>
  <ItemGroup>
    <CustomBuild Include="res\MySpy.rc2">
      <Filter>Resource Files</Filter>
    </CustomBuild>
  </ItemGroup>
  <ItemGroup>
    <None Include="ClassDiagram.cd" />
    <None Include="res\cursor1.cur">
      <Filter>Resource Files</Filter>
    </None>
    <None Include="res\cur00001.cur">
      <Filter>Resource Files</Filter>
    </None>
  </ItemGroup>
</Project>